
Microsoft Visual Studio Solution File, Format Version 12.00
# Visual Studio Version 17
VisualStudioVersion = 17.11.35219.272
MinimumVisualStudioVersion = 10.0.40219.1
Project("{8BC9CEB8-8B4A-11D0-8D11-00A0C91BC942}") = "Ticket6", "Ticket6\Ticket6.vcxproj", "{DD8437FF-1C5C-4E69-8C4A-2993AC825A9C}"
EndProject
Project("{8BC9CEB8-8B4A-11D0-8D11-00A0C91BC942}") = "Ticket6.1", "Ticket6.1\Ticket6.1.vcxproj", "{12755786-F52E-4E0E-9706-58FF2003A76B}"
EndProject
Global
	GlobalSection(SolutionConfigurationPlatforms) = preSolution
		Debug|x64 = Debug|x64
		Debug|x86 = Debug|x86
		Release|x64 = Release|x64
		Release|x86 = Release|x86
	EndGlobalSection
	GlobalSection(ProjectConfigurationPlatforms) = postSolution
		{DD8437FF-1C5C-4E69-8C4A-2993AC825A9C}.Debug|x64.ActiveCfg = Debug|x64
		{DD8437FF-1C5C-4E69-8C4A-2993AC825A9C}.Debug|x64.Build.0 = Debug|x64
		{DD8437FF-1C5C-4E69-8C4A-2993AC825A9C}.Debug|x86.ActiveCfg = Debug|Win32
		{DD8437FF-1C5C-4E69-8C4A-2993AC825A9C}.Debug|x86.Build.0 = Debug|Win32
		{DD8437FF-1C5C-4E69-8C4A-2993AC825A9C}.Release|x64.ActiveCfg = Release|x64
		{DD8437FF-1C5C-4E69-8C4A-2993AC825A9C}.Release|x64.Build.0 = Release|x64
		{DD8437FF-1C5C-4E69-8C4A-2993AC825A9C}.Release|x86.ActiveCfg = Release|Win32
		{DD8437FF-1C5C-4E69-8C4A-2993AC825A9C}.Release|x86.Build.0 = Release|Win32
		{12755786-F52E-4E0E-9706-58FF2003A76B}.Debug|x64.ActiveCfg = Debug|x64
		{12755786-F52E-4E0E-9706-58FF2003A76B}.Debug|x64.Build.0 = Debug|x64
		{12755786-F52E-4E0E-9706-58FF2003A76B}.Debug|x86.ActiveCfg = Debug|Win32
		{12755786-F52E-4E0E-9706-58FF2003A76B}.Debug|x86.Build.0 = Debug|Win32
		{12755786-F52E-4E0E-9706-58FF2003A76B}.Release|x64.ActiveCfg = Release|x64
		{12755786-F52E-4E0E-9706-58FF2003A76B}.Release|x64.Build.0 = Release|x64
		{12755786-F52E-4E0E-9706-58FF2003A76B}.Release|x86.ActiveCfg = Release|Win32
		{12755786-F52E-4E0E-9706-58FF2003A76B}.Release|x86.Build.0 = Release|Win32
	EndGlobalSection
	GlobalSection(SolutionProperties) = preSolution
		HideSolutionNode = FALSE
	EndGlobalSection
	GlobalSection(ExtensibilityGlobals) = postSolution
		SolutionGuid = {BD417C04-1F4B-41E2-A5E2-2672C3FD4A2E}
	EndGlobalSection
EndGlobal
