
Microsoft Visual Studio Solution File, Format Version 12.00
# Visual Studio Version 17
VisualStudioVersion = 17.11.35219.272
MinimumVisualStudioVersion = 10.0.40219.1
Project("{FAE04EC0-301F-11D3-BF4B-00C04F79EFBC}") = "Ticket19", "Ticket19\Ticket19.csproj", "{0A35728B-2CF5-4287-BA4B-F1C6F2BF27F6}"
EndProject
Global
	GlobalSection(SolutionConfigurationPlatforms) = preSolution
		Debug|Any CPU = Debug|Any CPU
		Release|Any CPU = Release|Any CPU
	EndGlobalSection
	GlobalSection(ProjectConfigurationPlatforms) = postSolution
		{0A35728B-2CF5-4287-BA4B-F1C6F2BF27F6}.Debug|Any CPU.ActiveCfg = Debug|Any CPU
		{0A35728B-2CF5-4287-BA4B-F1C6F2BF27F6}.Debug|Any CPU.Build.0 = Debug|Any CPU
		{0A35728B-2CF5-4287-BA4B-F1C6F2BF27F6}.Release|Any CPU.ActiveCfg = Release|Any CPU
		{0A35728B-2CF5-4287-BA4B-F1C6F2BF27F6}.Release|Any CPU.Build.0 = Release|Any CPU
	EndGlobalSection
	GlobalSection(SolutionProperties) = preSolution
		HideSolutionNode = FALSE
	EndGlobalSection
	GlobalSection(ExtensibilityGlobals) = postSolution
		SolutionGuid = {6CB0F14A-3C71-44F7-B016-87DDC74F61F5}
	EndGlobalSection
EndGlobal
