
Microsoft Visual Studio Solution File, Format Version 12.00
# Visual Studio Version 17
VisualStudioVersion = 17.11.35219.272
MinimumVisualStudioVersion = 10.0.40219.1
Project("{8BC9CEB8-8B4A-11D0-8D11-00A0C91BC942}") = "Ticket4", "Ticket4\Ticket4.vcxproj", "{3323EAC4-5B04-48FF-8B9E-1C2459CDCE37}"
EndProject
Global
	GlobalSection(SolutionConfigurationPlatforms) = preSolution
		Debug|x64 = Debug|x64
		Debug|x86 = Debug|x86
		Release|x64 = Release|x64
		Release|x86 = Release|x86
	EndGlobalSection
	GlobalSection(ProjectConfigurationPlatforms) = postSolution
		{3323EAC4-5B04-48FF-8B9E-1C2459CDCE37}.Debug|x64.ActiveCfg = Debug|x64
		{3323EAC4-5B04-48FF-8B9E-1C2459CDCE37}.Debug|x64.Build.0 = Debug|x64
		{3323EAC4-5B04-48FF-8B9E-1C2459CDCE37}.Debug|x86.ActiveCfg = Debug|Win32
		{3323EAC4-5B04-48FF-8B9E-1C2459CDCE37}.Debug|x86.Build.0 = Debug|Win32
		{3323EAC4-5B04-48FF-8B9E-1C2459CDCE37}.Release|x64.ActiveCfg = Release|x64
		{3323EAC4-5B04-48FF-8B9E-1C2459CDCE37}.Release|x64.Build.0 = Release|x64
		{3323EAC4-5B04-48FF-8B9E-1C2459CDCE37}.Release|x86.ActiveCfg = Release|Win32
		{3323EAC4-5B04-48FF-8B9E-1C2459CDCE37}.Release|x86.Build.0 = Release|Win32
	EndGlobalSection
	GlobalSection(SolutionProperties) = preSolution
		HideSolutionNode = FALSE
	EndGlobalSection
	GlobalSection(ExtensibilityGlobals) = postSolution
		SolutionGuid = {3FE4F253-5C83-4DF6-AB2E-C23C65A0986D}
	EndGlobalSection
EndGlobal
